
Microsoft Visual Studio Solution File, Format Version 12.00
# Visual Studio Version 16
VisualStudioVersion = 16.0.30611.23
MinimumVisualStudioVersion = 10.0.40219.1
Project("{888888A0-9F3D-457C-B088-3A5042F75D52}") = "Zarplata", "Zarplata.pyproj", "{4D6C42A9-12F7-47E0-87D2-E8885CBCB31A}"
EndProject
Global
	GlobalSection(SolutionConfigurationPlatforms) = preSolution
		Debug|Any CPU = Debug|Any CPU
		Release|Any CPU = Release|Any CPU
	EndGlobalSection
	GlobalSection(ProjectConfigurationPlatforms) = postSolution
		{4D6C42A9-12F7-47E0-87D2-E8885CBCB31A}.Debug|Any CPU.ActiveCfg = Debug|Any CPU
		{4D6C42A9-12F7-47E0-87D2-E8885CBCB31A}.Release|Any CPU.ActiveCfg = Release|Any CPU
	EndGlobalSection
	GlobalSection(SolutionProperties) = preSolution
		HideSolutionNode = FALSE
	EndGlobalSection
	GlobalSection(ExtensibilityGlobals) = postSolution
		SolutionGuid = {1306E112-389D-4CE8-A9C5-ED884032A368}
	EndGlobalSection
EndGlobal
